
Microsoft Visual Studio Solution File, Format Version 12.00
# Visual Studio Version 17
VisualStudioVersion = 17.9.34622.214
MinimumVisualStudioVersion = 10.0.40219.1
Project("{FAE04EC0-301F-11D3-BF4B-00C04F79EFBC}") = "OOP", "OOP\OOP.csproj", "{CFF311DE-6C77-4D32-8889-B07D825BEA9E}"
EndProject
Global
	GlobalSection(SolutionConfigurationPlatforms) = preSolution
		Debug|Any CPU = Debug|Any CPU
		Release|Any CPU = Release|Any CPU
	EndGlobalSection
	GlobalSection(ProjectConfigurationPlatforms) = postSolution
		{CFF311DE-6C77-4D32-8889-B07D825BEA9E}.Debug|Any CPU.ActiveCfg = Debug|Any CPU
		{CFF311DE-6C77-4D32-8889-B07D825BEA9E}.Debug|Any CPU.Build.0 = Debug|Any CPU
		{CFF311DE-6C77-4D32-8889-B07D825BEA9E}.Release|Any CPU.ActiveCfg = Release|Any CPU
		{CFF311DE-6C77-4D32-8889-B07D825BEA9E}.Release|Any CPU.Build.0 = Release|Any CPU
	EndGlobalSection
	GlobalSection(SolutionProperties) = preSolution
		HideSolutionNode = FALSE
	EndGlobalSection
	GlobalSection(ExtensibilityGlobals) = postSolution
		SolutionGuid = {8F3B0026-064A-4686-B1D3-2660DE6AB0DC}
	EndGlobalSection
EndGlobal
